// !$*UTF8*$!
{
	archiveVersion = 1;
	classes = {
	};
	objectVersion = 46;
	objects = {

/* Begin PBXBuildFile section */
		AC0587891CFFFEBC00E9C3F5 /* CreateCategoryViewController.swift in Sources */ = {isa = PBXBuildFile; fileRef = AC0587881CFFFEBC00E9C3F5 /* CreateCategoryViewController.swift */; };
		AC05878B1D000C7C00E9C3F5 /* WhiteView.swift in Sources */ = {isa = PBXBuildFile; fileRef = AC05878A1D000C7C00E9C3F5 /* WhiteView.swift */; };
		AC05878F1D001A5E00E9C3F5 /* Category.swift in Sources */ = {isa = PBXBuildFile; fileRef = AC05878E1D001A5E00E9C3F5 /* Category.swift */; };
		AC0587911D0028E200E9C3F5 /* CategoriesViewController.swift in Sources */ = {isa = PBXBuildFile; fileRef = AC0587901D0028E200E9C3F5 /* CategoriesViewController.swift */; };
		AC10D1781D02BEA600F1DE4F /* JSONParser.swift in Sources */ = {isa = PBXBuildFile; fileRef = AC10D1771D02BEA600F1DE4F /* JSONParser.swift */; };
		AC10D17A1D02C36300F1DE4F /* CategoryJSONParser.swift in Sources */ = {isa = PBXBuildFile; fileRef = AC10D1791D02C36300F1DE4F /* CategoryJSONParser.swift */; };
		AC10D17D1D02D33900F1DE4F /* APIAdapter.swift in Sources */ = {isa = PBXBuildFile; fileRef = AC10D17C1D02D33900F1DE4F /* APIAdapter.swift */; };
		AC10D1811D02F48400F1DE4F /* CategoryAPIAdapter.swift in Sources */ = {isa = PBXBuildFile; fileRef = AC10D1801D02F48400F1DE4F /* CategoryAPIAdapter.swift */; };
		AC10D1891D03530200F1DE4F /* CategoriesBarViewController.swift in Sources */ = {isa = PBXBuildFile; fileRef = AC10D1881D03530200F1DE4F /* CategoriesBarViewController.swift */; };
		AC10D18C1D0361FF00F1DE4F /* IsCategoryRemovableTransformer.swift in Sources */ = {isa = PBXBuildFile; fileRef = AC10D18B1D0361FF00F1DE4F /* IsCategoryRemovableTransformer.swift */; };
		AC2E3E281D0438FB002E93AD /* IsNotEmptyTransformer.swift in Sources */ = {isa = PBXBuildFile; fileRef = AC2E3E271D0438FB002E93AD /* IsNotEmptyTransformer.swift */; };
		AC5614B81D05D4A9008CE7B8 /* CategoryTests.swift in Sources */ = {isa = PBXBuildFile; fileRef = AC5614B71D05D4A9008CE7B8 /* CategoryTests.swift */; };
		AC5614B91D05D638008CE7B8 /* Category.swift in Sources */ = {isa = PBXBuildFile; fileRef = AC05878E1D001A5E00E9C3F5 /* Category.swift */; };
		AC56405A1CFDD35000AC4836 /* AppDelegate.swift in Sources */ = {isa = PBXBuildFile; fileRef = AC5640591CFDD35000AC4836 /* AppDelegate.swift */; };
		AC56405E1CFDD35000AC4836 /* Assets.xcassets in Resources */ = {isa = PBXBuildFile; fileRef = AC56405D1CFDD35000AC4836 /* Assets.xcassets */; };
		AC5640611CFDD35000AC4836 /* Main.storyboard in Resources */ = {isa = PBXBuildFile; fileRef = AC56405F1CFDD35000AC4836 /* Main.storyboard */; };
		AC56406C1CFDD35000AC4836 /* IHC_AppTests.swift in Sources */ = {isa = PBXBuildFile; fileRef = AC56406B1CFDD35000AC4836 /* IHC_AppTests.swift */; };
		ACB5915B1D01FD13002A1EE2 /* CategoryStore.swift in Sources */ = {isa = PBXBuildFile; fileRef = ACB5915A1D01FD13002A1EE2 /* CategoryStore.swift */; };
/* End PBXBuildFile section */

/* Begin PBXContainerItemProxy section */
		AC5640681CFDD35000AC4836 /* PBXContainerItemProxy */ = {
			isa = PBXContainerItemProxy;
			containerPortal = AC56404E1CFDD35000AC4836 /* Project object */;
			proxyType = 1;
			remoteGlobalIDString = AC5640551CFDD35000AC4836;
			remoteInfo = "IHC App";
		};
/* End PBXContainerItemProxy section */

/* Begin PBXFileReference section */
		AC0587881CFFFEBC00E9C3F5 /* CreateCategoryViewController.swift */ = {isa = PBXFileReference; fileEncoding = 4; lastKnownFileType = sourcecode.swift; path = CreateCategoryViewController.swift; sourceTree = "<group>"; };
		AC05878A1D000C7C00E9C3F5 /* WhiteView.swift */ = {isa = PBXFileReference; fileEncoding = 4; lastKnownFileType = sourcecode.swift; path = WhiteView.swift; sourceTree = "<group>"; };
		AC05878E1D001A5E00E9C3F5 /* Category.swift */ = {isa = PBXFileReference; fileEncoding = 4; lastKnownFileType = sourcecode.swift; path = Category.swift; sourceTree = "<group>"; };
		AC0587901D0028E200E9C3F5 /* CategoriesViewController.swift */ = {isa = PBXFileReference; fileEncoding = 4; lastKnownFileType = sourcecode.swift; path = CategoriesViewController.swift; sourceTree = "<group>"; };
		AC10D1771D02BEA600F1DE4F /* JSONParser.swift */ = {isa = PBXFileReference; fileEncoding = 4; lastKnownFileType = sourcecode.swift; path = JSONParser.swift; sourceTree = "<group>"; };
		AC10D1791D02C36300F1DE4F /* CategoryJSONParser.swift */ = {isa = PBXFileReference; fileEncoding = 4; lastKnownFileType = sourcecode.swift; path = CategoryJSONParser.swift; sourceTree = "<group>"; };
		AC10D17C1D02D33900F1DE4F /* APIAdapter.swift */ = {isa = PBXFileReference; fileEncoding = 4; lastKnownFileType = sourcecode.swift; path = APIAdapter.swift; sourceTree = "<group>"; };
		AC10D1801D02F48400F1DE4F /* CategoryAPIAdapter.swift */ = {isa = PBXFileReference; fileEncoding = 4; lastKnownFileType = sourcecode.swift; path = CategoryAPIAdapter.swift; sourceTree = "<group>"; };
		AC10D1881D03530200F1DE4F /* CategoriesBarViewController.swift */ = {isa = PBXFileReference; fileEncoding = 4; lastKnownFileType = sourcecode.swift; path = CategoriesBarViewController.swift; sourceTree = "<group>"; };
		AC10D18B1D0361FF00F1DE4F /* IsCategoryRemovableTransformer.swift */ = {isa = PBXFileReference; fileEncoding = 4; lastKnownFileType = sourcecode.swift; path = IsCategoryRemovableTransformer.swift; sourceTree = "<group>"; };
		AC2E3E271D0438FB002E93AD /* IsNotEmptyTransformer.swift */ = {isa = PBXFileReference; fileEncoding = 4; lastKnownFileType = sourcecode.swift; path = IsNotEmptyTransformer.swift; sourceTree = "<group>"; };
		AC5614B71D05D4A9008CE7B8 /* CategoryTests.swift */ = {isa = PBXFileReference; fileEncoding = 4; lastKnownFileType = sourcecode.swift; path = CategoryTests.swift; sourceTree = "<group>"; };
		AC5640561CFDD35000AC4836 /* IHC App.app */ = {isa = PBXFileReference; explicitFileType = wrapper.application; includeInIndex = 0; path = "IHC App.app"; sourceTree = BUILT_PRODUCTS_DIR; };
		AC5640591CFDD35000AC4836 /* AppDelegate.swift */ = {isa = PBXFileReference; lastKnownFileType = sourcecode.swift; path = AppDelegate.swift; sourceTree = "<group>"; };
		AC56405D1CFDD35000AC4836 /* Assets.xcassets */ = {isa = PBXFileReference; lastKnownFileType = folder.assetcatalog; path = Assets.xcassets; sourceTree = "<group>"; };
		AC5640601CFDD35000AC4836 /* Base */ = {isa = PBXFileReference; lastKnownFileType = file.storyboard; name = Base; path = Base.lproj/Main.storyboard; sourceTree = "<group>"; };
		AC5640621CFDD35000AC4836 /* Info.plist */ = {isa = PBXFileReference; lastKnownFileType = text.plist.xml; path = Info.plist; sourceTree = "<group>"; };
		AC5640671CFDD35000AC4836 /* IHC AppTests.xctest */ = {isa = PBXFileReference; explicitFileType = wrapper.cfbundle; includeInIndex = 0; path = "IHC AppTests.xctest"; sourceTree = BUILT_PRODUCTS_DIR; };
		AC56406B1CFDD35000AC4836 /* IHC_AppTests.swift */ = {isa = PBXFileReference; lastKnownFileType = sourcecode.swift; path = IHC_AppTests.swift; sourceTree = "<group>"; };
		AC56406D1CFDD35000AC4836 /* Info.plist */ = {isa = PBXFileReference; lastKnownFileType = text.plist.xml; path = Info.plist; sourceTree = "<group>"; };
		ACB5915A1D01FD13002A1EE2 /* CategoryStore.swift */ = {isa = PBXFileReference; fileEncoding = 4; lastKnownFileType = sourcecode.swift; path = CategoryStore.swift; sourceTree = "<group>"; };
/* End PBXFileReference section */

/* Begin PBXFrameworksBuildPhase section */
		AC5640531CFDD35000AC4836 /* Frameworks */ = {
			isa = PBXFrameworksBuildPhase;
			buildActionMask = 2147483647;
			files = (
			);
			runOnlyForDeploymentPostprocessing = 0;
		};
		AC5640641CFDD35000AC4836 /* Frameworks */ = {
			isa = PBXFrameworksBuildPhase;
			buildActionMask = 2147483647;
			files = (
			);
			runOnlyForDeploymentPostprocessing = 0;
		};
/* End PBXFrameworksBuildPhase section */

/* Begin PBXGroup section */
		AC10D1761D02BE7F00F1DE4F /* JSONParsers */ = {
			isa = PBXGroup;
			children = (
				AC10D1771D02BEA600F1DE4F /* JSONParser.swift */,
				AC10D1791D02C36300F1DE4F /* CategoryJSONParser.swift */,
			);
			name = JSONParsers;
			sourceTree = "<group>";
		};
		AC10D17B1D02D29B00F1DE4F /* API */ = {
			isa = PBXGroup;
			children = (
				AC10D17C1D02D33900F1DE4F /* APIAdapter.swift */,
				AC10D1801D02F48400F1DE4F /* CategoryAPIAdapter.swift */,
			);
			name = API;
			sourceTree = "<group>";
		};
		AC10D1841D03269400F1DE4F /* ViewControllers */ = {
			isa = PBXGroup;
			children = (
				AC8020371D093DFB003D2EB9 /* Category */,
			);
			name = ViewControllers;
			sourceTree = "<group>";
		};
		AC10D1851D03270600F1DE4F /* App */ = {
			isa = PBXGroup;
			children = (
				AC5640591CFDD35000AC4836 /* AppDelegate.swift */,
			);
			name = App;
			sourceTree = "<group>";
		};
		AC10D18A1D0361DA00F1DE4F /* Transformers */ = {
			isa = PBXGroup;
			children = (
				AC10D18B1D0361FF00F1DE4F /* IsCategoryRemovableTransformer.swift */,
				AC2E3E271D0438FB002E93AD /* IsNotEmptyTransformer.swift */,
			);
			name = Transformers;
			sourceTree = "<group>";
		};
		AC56404D1CFDD35000AC4836 = {
			isa = PBXGroup;
			children = (
				AC5640581CFDD35000AC4836 /* IHC App */,
				AC56406A1CFDD35000AC4836 /* IHC AppTests */,
				AC5640571CFDD35000AC4836 /* Products */,
			);
			sourceTree = "<group>";
		};
		AC5640571CFDD35000AC4836 /* Products */ = {
			isa = PBXGroup;
			children = (
				AC5640561CFDD35000AC4836 /* IHC App.app */,
				AC5640671CFDD35000AC4836 /* IHC AppTests.xctest */,
			);
			name = Products;
			sourceTree = "<group>";
		};
		AC5640581CFDD35000AC4836 /* IHC App */ = {
			isa = PBXGroup;
			children = (
				AC10D18A1D0361DA00F1DE4F /* Transformers */,
				AC10D1841D03269400F1DE4F /* ViewControllers */,
				AC10D17B1D02D29B00F1DE4F /* API */,
				AC10D1761D02BE7F00F1DE4F /* JSONParsers */,
				AC10D1851D03270600F1DE4F /* App */,
				ACB591581D01FC98002A1EE2 /* Category */,
				ACB591591D01FCA2002A1EE2 /* Resources */,
			);
			path = "IHC App";
			sourceTree = "<group>";
		};
		AC56406A1CFDD35000AC4836 /* IHC AppTests */ = {
			isa = PBXGroup;
			children = (
				AC56406B1CFDD35000AC4836 /* IHC_AppTests.swift */,
				AC56406D1CFDD35000AC4836 /* Info.plist */,
				AC5614B71D05D4A9008CE7B8 /* CategoryTests.swift */,
			);
			path = "IHC AppTests";
			sourceTree = "<group>";
		};
		AC8020371D093DFB003D2EB9 /* Category */ = {
			isa = PBXGroup;
			children = (
				AC0587901D0028E200E9C3F5 /* CategoriesViewController.swift */,
				AC10D1881D03530200F1DE4F /* CategoriesBarViewController.swift */,
				AC0587881CFFFEBC00E9C3F5 /* CreateCategoryViewController.swift */,
			);
			name = Category;
			sourceTree = "<group>";
		};
		ACB591581D01FC98002A1EE2 /* Category */ = {
			isa = PBXGroup;
			children = (
				AC05878E1D001A5E00E9C3F5 /* Category.swift */,
				ACB5915A1D01FD13002A1EE2 /* CategoryStore.swift */,
			);
			name = Category;
			sourceTree = "<group>";
		};
		ACB591591D01FCA2002A1EE2 /* Resources */ = {
			isa = PBXGroup;
			children = (
				AC56405F1CFDD35000AC4836 /* Main.storyboard */,
				AC5640621CFDD35000AC4836 /* Info.plist */,
				AC56405D1CFDD35000AC4836 /* Assets.xcassets */,
				AC05878A1D000C7C00E9C3F5 /* WhiteView.swift */,
			);
			name = Resources;
			sourceTree = "<group>";
		};
/* End PBXGroup section */

/* Begin PBXNativeTarget section */
		AC5640551CFDD35000AC4836 /* IHC App */ = {
			isa = PBXNativeTarget;
			buildConfigurationList = AC5640701CFDD35000AC4836 /* Build configuration list for PBXNativeTarget "IHC App" */;
			buildPhases = (
				AC5640521CFDD35000AC4836 /* Sources */,
				AC5640531CFDD35000AC4836 /* Frameworks */,
				AC5640541CFDD35000AC4836 /* Resources */,
			);
			buildRules = (
			);
			dependencies = (
			);
			name = "IHC App";
			productName = "IHC App";
			productReference = AC5640561CFDD35000AC4836 /* IHC App.app */;
			productType = "com.apple.product-type.application";
		};
		AC5640661CFDD35000AC4836 /* IHC AppTests */ = {
			isa = PBXNativeTarget;
			buildConfigurationList = AC5640731CFDD35000AC4836 /* Build configuration list for PBXNativeTarget "IHC AppTests" */;
			buildPhases = (
				AC5640631CFDD35000AC4836 /* Sources */,
				AC5640641CFDD35000AC4836 /* Frameworks */,
				AC5640651CFDD35000AC4836 /* Resources */,
			);
			buildRules = (
			);
			dependencies = (
				AC5640691CFDD35000AC4836 /* PBXTargetDependency */,
			);
			name = "IHC AppTests";
			productName = "IHC AppTests";
			productReference = AC5640671CFDD35000AC4836 /* IHC AppTests.xctest */;
			productType = "com.apple.product-type.bundle.unit-test";
		};
/* End PBXNativeTarget section */

/* Begin PBXProject section */
		AC56404E1CFDD35000AC4836 /* Project object */ = {
			isa = PBXProject;
			attributes = {
				LastSwiftUpdateCheck = 0730;
				LastUpgradeCheck = 0730;
				ORGANIZATIONNAME = Kivi;
				TargetAttributes = {
					AC5640551CFDD35000AC4836 = {
						CreatedOnToolsVersion = 7.3;
					};
					AC5640661CFDD35000AC4836 = {
						CreatedOnToolsVersion = 7.3;
						TestTargetID = AC5640551CFDD35000AC4836;
					};
				};
			};
			buildConfigurationList = AC5640511CFDD35000AC4836 /* Build configuration list for PBXProject "IHC App" */;
			compatibilityVersion = "Xcode 3.2";
			developmentRegion = English;
			hasScannedForEncodings = 0;
			knownRegions = (
				en,
				Base,
			);
			mainGroup = AC56404D1CFDD35000AC4836;
			productRefGroup = AC5640571CFDD35000AC4836 /* Products */;
			projectDirPath = "";
			projectRoot = "";
			targets = (
				AC5640551CFDD35000AC4836 /* IHC App */,
				AC5640661CFDD35000AC4836 /* IHC AppTests */,
			);
		};
/* End PBXProject section */

/* Begin PBXResourcesBuildPhase section */
		AC5640541CFDD35000AC4836 /* Resources */ = {
			isa = PBXResourcesBuildPhase;
			buildActionMask = 2147483647;
			files = (
				AC56405E1CFDD35000AC4836 /* Assets.xcassets in Resources */,
				AC5640611CFDD35000AC4836 /* Main.storyboard in Resources */,
			);
			runOnlyForDeploymentPostprocessing = 0;
		};
		AC5640651CFDD35000AC4836 /* Resources */ = {
			isa = PBXResourcesBuildPhase;
			buildActionMask = 2147483647;
			files = (
			);
			runOnlyForDeploymentPostprocessing = 0;
		};
/* End PBXResourcesBuildPhase section */

/* Begin PBXSourcesBuildPhase section */
		AC5640521CFDD35000AC4836 /* Sources */ = {
			isa = PBXSourcesBuildPhase;
			buildActionMask = 2147483647;
			files = (
				AC0587891CFFFEBC00E9C3F5 /* CreateCategoryViewController.swift in Sources */,
				AC10D18C1D0361FF00F1DE4F /* IsCategoryRemovableTransformer.swift in Sources */,
				AC10D17A1D02C36300F1DE4F /* CategoryJSONParser.swift in Sources */,
				AC10D1811D02F48400F1DE4F /* CategoryAPIAdapter.swift in Sources */,
				AC2E3E281D0438FB002E93AD /* IsNotEmptyTransformer.swift in Sources */,
				AC05878B1D000C7C00E9C3F5 /* WhiteView.swift in Sources */,
				ACB5915B1D01FD13002A1EE2 /* CategoryStore.swift in Sources */,
				AC10D17D1D02D33900F1DE4F /* APIAdapter.swift in Sources */,
				AC56405A1CFDD35000AC4836 /* AppDelegate.swift in Sources */,
				AC10D1781D02BEA600F1DE4F /* JSONParser.swift in Sources */,
				AC0587911D0028E200E9C3F5 /* CategoriesViewController.swift in Sources */,
				AC10D1891D03530200F1DE4F /* CategoriesBarViewController.swift in Sources */,
				AC05878F1D001A5E00E9C3F5 /* Category.swift in Sources */,
			);
			runOnlyForDeploymentPostprocessing = 0;
		};
		AC5640631CFDD35000AC4836 /* Sources */ = {
			isa = PBXSourcesBuildPhase;
			buildActionMask = 2147483647;
			files = (
				AC56406C1CFDD35000AC4836 /* IHC_AppTests.swift in Sources */,
				AC5614B81D05D4A9008CE7B8 /* CategoryTests.swift in Sources */,
				AC5614B91D05D638008CE7B8 /* Category.swift in Sources */,
			);
			runOnlyForDeploymentPostprocessing = 0;
		};
/* End PBXSourcesBuildPhase section */

/* Begin PBXTargetDependency section */
		AC5640691CFDD35000AC4836 /* PBXTargetDependency */ = {
			isa = PBXTargetDependency;
			target = AC5640551CFDD35000AC4836 /* IHC App */;
			targetProxy = AC5640681CFDD35000AC4836 /* PBXContainerItemProxy */;
		};
/* End PBXTargetDependency section */

/* Begin PBXVariantGroup section */
		AC56405F1CFDD35000AC4836 /* Main.storyboard */ = {
			isa = PBXVariantGroup;
			children = (
				AC5640601CFDD35000AC4836 /* Base */,
			);
			name = Main.storyboard;
			sourceTree = "<group>";
		};
/* End PBXVariantGroup section */

/* Begin XCBuildConfiguration section */
		AC56406E1CFDD35000AC4836 /* Debug */ = {
			isa = XCBuildConfiguration;
			buildSettings = {
				ALWAYS_SEARCH_USER_PATHS = NO;
				CLANG_ANALYZER_NONNULL = YES;
				CLANG_CXX_LANGUAGE_STANDARD = "gnu++0x";
				CLANG_CXX_LIBRARY = "libc++";
				CLANG_ENABLE_MODULES = YES;
				CLANG_ENABLE_OBJC_ARC = YES;
				CLANG_WARN_BOOL_CONVERSION = YES;
				CLANG_WARN_CONSTANT_CONVERSION = YES;
				CLANG_WARN_DIRECT_OBJC_ISA_USAGE = YES_ERROR;
				CLANG_WARN_EMPTY_BODY = YES;
				CLANG_WARN_ENUM_CONVERSION = YES;
				CLANG_WARN_INT_CONVERSION = YES;
				CLANG_WARN_OBJC_ROOT_CLASS = YES_ERROR;
				CLANG_WARN_UNREACHABLE_CODE = YES;
				CLANG_WARN__DUPLICATE_METHOD_MATCH = YES;
				CODE_SIGN_IDENTITY = "-";
				COPY_PHASE_STRIP = NO;
				DEBUG_INFORMATION_FORMAT = dwarf;
				ENABLE_STRICT_OBJC_MSGSEND = YES;
				ENABLE_TESTABILITY = YES;
				GCC_C_LANGUAGE_STANDARD = gnu99;
				GCC_DYNAMIC_NO_PIC = NO;
				GCC_NO_COMMON_BLOCKS = YES;
				GCC_OPTIMIZATION_LEVEL = 0;
				GCC_PREPROCESSOR_DEFINITIONS = (
					"DEBUG=1",
					"$(inherited)",
				);
				GCC_WARN_64_TO_32_BIT_CONVERSION = YES;
				GCC_WARN_ABOUT_RETURN_TYPE = YES_ERROR;
				GCC_WARN_UNDECLARED_SELECTOR = YES;
				GCC_WARN_UNINITIALIZED_AUTOS = YES_AGGRESSIVE;
				GCC_WARN_UNUSED_FUNCTION = YES;
				GCC_WARN_UNUSED_VARIABLE = YES;
				MACOSX_DEPLOYMENT_TARGET = 10.11;
				MTL_ENABLE_DEBUG_INFO = YES;
				ONLY_ACTIVE_ARCH = YES;
				SDKROOT = macosx;
				SWIFT_OPTIMIZATION_LEVEL = "-Onone";
			};
			name = Debug;
		};
		AC56406F1CFDD35000AC4836 /* Release */ = {
			isa = XCBuildConfiguration;
			buildSettings = {
				ALWAYS_SEARCH_USER_PATHS = NO;
				CLANG_ANALYZER_NONNULL = YES;
				CLANG_CXX_LANGUAGE_STANDARD = "gnu++0x";
				CLANG_CXX_LIBRARY = "libc++";
				CLANG_ENABLE_MODULES = YES;
				CLANG_ENABLE_OBJC_ARC = YES;
				CLANG_WARN_BOOL_CONVERSION = YES;
				CLANG_WARN_CONSTANT_CONVERSION = YES;
				CLANG_WARN_DIRECT_OBJC_ISA_USAGE = YES_ERROR;
				CLANG_WARN_EMPTY_BODY = YES;
				CLANG_WARN_ENUM_CONVERSION = YES;
				CLANG_WARN_INT_CONVERSION = YES;
				CLANG_WARN_OBJC_ROOT_CLASS = YES_ERROR;
				CLANG_WARN_UNREACHABLE_CODE = YES;
				CLANG_WARN__DUPLICATE_METHOD_MATCH = YES;
				CODE_SIGN_IDENTITY = "-";
				COPY_PHASE_STRIP = NO;
				DEBUG_INFORMATION_FORMAT = "dwarf-with-dsym";
				ENABLE_NS_ASSERTIONS = NO;
				ENABLE_STRICT_OBJC_MSGSEND = YES;
				GCC_C_LANGUAGE_STANDARD = gnu99;
				GCC_NO_COMMON_BLOCKS = YES;
				GCC_WARN_64_TO_32_BIT_CONVERSION = YES;
				GCC_WARN_ABOUT_RETURN_TYPE = YES_ERROR;
				GCC_WARN_UNDECLARED_SELECTOR = YES;
				GCC_WARN_UNINITIALIZED_AUTOS = YES_AGGRESSIVE;
				GCC_WARN_UNUSED_FUNCTION = YES;
				GCC_WARN_UNUSED_VARIABLE = YES;
				MACOSX_DEPLOYMENT_TARGET = 10.11;
				MTL_ENABLE_DEBUG_INFO = NO;
				SDKROOT = macosx;
			};
			name = Release;
		};
		AC5640711CFDD35000AC4836 /* Debug */ = {
			isa = XCBuildConfiguration;
			buildSettings = {
				ASSETCATALOG_COMPILER_APPICON_NAME = AppIcon;
				COMBINE_HIDPI_IMAGES = YES;
				INFOPLIST_FILE = "IHC App/Info.plist";
				LD_RUNPATH_SEARCH_PATHS = "$(inherited) @executable_path/../Frameworks";
				PRODUCT_BUNDLE_IDENTIFIER = "com.kivi.IHC-App";
				PRODUCT_NAME = "$(TARGET_NAME)";
			};
			name = Debug;
		};
		AC5640721CFDD35000AC4836 /* Release */ = {
			isa = XCBuildConfiguration;
			buildSettings = {
				ASSETCATALOG_COMPILER_APPICON_NAME = AppIcon;
				COMBINE_HIDPI_IMAGES = YES;
				INFOPLIST_FILE = "IHC App/Info.plist";
				LD_RUNPATH_SEARCH_PATHS = "$(inherited) @executable_path/../Frameworks";
				PRODUCT_BUNDLE_IDENTIFIER = "com.kivi.IHC-App";
				PRODUCT_NAME = "$(TARGET_NAME)";
			};
			name = Release;
		};
		AC5640741CFDD35000AC4836 /* Debug */ = {
			isa = XCBuildConfiguration;
			buildSettings = {
				BUNDLE_LOADER = "$(TEST_HOST)";
				COMBINE_HIDPI_IMAGES = YES;
				INFOPLIST_FILE = "IHC AppTests/Info.plist";
				LD_RUNPATH_SEARCH_PATHS = "$(inherited) @executable_path/../Frameworks @loader_path/../Frameworks";
				PRODUCT_BUNDLE_IDENTIFIER = "com.kivi.IHC-AppTests";
				PRODUCT_NAME = "$(TARGET_NAME)";
				TEST_HOST = "$(BUILT_PRODUCTS_DIR)/IHC App.app/Contents/MacOS/IHC App";
			};
			name = Debug;
		};
		AC5640751CFDD35000AC4836 /* Release */ = {
			isa = XCBuildConfiguration;
			buildSettings = {
				BUNDLE_LOADER = "$(TEST_HOST)";
				COMBINE_HIDPI_IMAGES = YES;
				INFOPLIST_FILE = "IHC AppTests/Info.plist";
				LD_RUNPATH_SEARCH_PATHS = "$(inherited) @executable_path/../Frameworks @loader_path/../Frameworks";
				PRODUCT_BUNDLE_IDENTIFIER = "com.kivi.IHC-AppTests";
				PRODUCT_NAME = "$(TARGET_NAME)";
				TEST_HOST = "$(BUILT_PRODUCTS_DIR)/IHC App.app/Contents/MacOS/IHC App";
			};
			name = Release;
		};
/* End XCBuildConfiguration section */

/* Begin XCConfigurationList section */
		AC5640511CFDD35000AC4836 /* Build configuration list for PBXProject "IHC App" */ = {
			isa = XCConfigurationList;
			buildConfigurations = (
				AC56406E1CFDD35000AC4836 /* Debug */,
				AC56406F1CFDD35000AC4836 /* Release */,
			);
			defaultConfigurationIsVisible = 0;
			defaultConfigurationName = Release;
		};
		AC5640701CFDD35000AC4836 /* Build configuration list for PBXNativeTarget "IHC App" */ = {
			isa = XCConfigurationList;
			buildConfigurations = (
				AC5640711CFDD35000AC4836 /* Debug */,
				AC5640721CFDD35000AC4836 /* Release */,
			);
			defaultConfigurationIsVisible = 0;
			defaultConfigurationName = Release;
		};
		AC5640731CFDD35000AC4836 /* Build configuration list for PBXNativeTarget "IHC AppTests" */ = {
			isa = XCConfigurationList;
			buildConfigurations = (
				AC5640741CFDD35000AC4836 /* Debug */,
				AC5640751CFDD35000AC4836 /* Release */,
			);
			defaultConfigurationIsVisible = 0;
			defaultConfigurationName = Release;
		};
/* End XCConfigurationList section */
	};
	rootObject = AC56404E1CFDD35000AC4836 /* Project object */;
}
